
Microsoft Visual Studio Solution File, Format Version 12.00
Project("{FAE04EC0-301F-11D3-BF4B-00C04F79EFBC}") = "WebApplication2", "WebApplication2\WebApplication2.csproj", "{86A60E40-110E-49D2-B921-382E1A1D2EF1}"
EndProject
Global
	GlobalSection(SolutionConfigurationPlatforms) = preSolution
		Debug|Any CPU = Debug|Any CPU
		Release|Any CPU = Release|Any CPU
	EndGlobalSection
	GlobalSection(ProjectConfigurationPlatforms) = postSolution
		{86A60E40-110E-49D2-B921-382E1A1D2EF1}.Debug|Any CPU.ActiveCfg = Debug|Any CPU
		{86A60E40-110E-49D2-B921-382E1A1D2EF1}.Debug|Any CPU.Build.0 = Debug|Any CPU
		{86A60E40-110E-49D2-B921-382E1A1D2EF1}.Release|Any CPU.ActiveCfg = Release|Any CPU
		{86A60E40-110E-49D2-B921-382E1A1D2EF1}.Release|Any CPU.Build.0 = Release|Any CPU
	EndGlobalSection
EndGlobal
